// !$*UTF8*$!
{
	archiveVersion = 1;
	classes = {
	};
	objectVersion = 56;
	objects = {

/* Begin PBXBuildFile section */
		0D0094332AB6650000459902 /* AppDelegate.swift in Sources */ = {isa = PBXBuildFile; fileRef = 0D0094322AB6650000459902 /* AppDelegate.swift */; };
		0D0094352AB6650000459902 /* SceneDelegate.swift in Sources */ = {isa = PBXBuildFile; fileRef = 0D0094342AB6650000459902 /* SceneDelegate.swift */; };
		0D0094372AB6650000459902 /* WhereTo.swift in Sources */ = {isa = PBXBuildFile; fileRef = 0D0094362AB6650000459902 /* WhereTo.swift */; };
		0D00943A2AB6650000459902 /* Main.storyboard in Resources */ = {isa = PBXBuildFile; fileRef = 0D0094382AB6650000459902 /* Main.storyboard */; };
		0D00943D2AB6650000459902 /* UberProject.xcdatamodeld in Sources */ = {isa = PBXBuildFile; fileRef = 0D00943B2AB6650000459902 /* UberProject.xcdatamodeld */; };
		0D00943F2AB6650300459902 /* Assets.xcassets in Resources */ = {isa = PBXBuildFile; fileRef = 0D00943E2AB6650300459902 /* Assets.xcassets */; };
		0D0094422AB6650300459902 /* LaunchScreen.storyboard in Resources */ = {isa = PBXBuildFile; fileRef = 0D0094402AB6650300459902 /* LaunchScreen.storyboard */; };
		0D00944D2AB6650300459902 /* UberProjectTests.swift in Sources */ = {isa = PBXBuildFile; fileRef = 0D00944C2AB6650300459902 /* UberProjectTests.swift */; };
		0D0094572AB6650300459902 /* UberProjectUITests.swift in Sources */ = {isa = PBXBuildFile; fileRef = 0D0094562AB6650300459902 /* UberProjectUITests.swift */; };
		0D0094592AB6650300459902 /* UberProjectUITestsLaunchTests.swift in Sources */ = {isa = PBXBuildFile; fileRef = 0D0094582AB6650300459902 /* UberProjectUITestsLaunchTests.swift */; };
		0DED3F862AB66C320003344F /* Itinerary.swift in Sources */ = {isa = PBXBuildFile; fileRef = 0DED3F852AB66C320003344F /* Itinerary.swift */; };
/* End PBXBuildFile section */

/* Begin PBXContainerItemProxy section */
		0D0094492AB6650300459902 /* PBXContainerItemProxy */ = {
			isa = PBXContainerItemProxy;
			containerPortal = 0D0094272AB6650000459902 /* Project object */;
			proxyType = 1;
			remoteGlobalIDString = 0D00942E2AB6650000459902;
			remoteInfo = UberProject;
		};
		0D0094532AB6650300459902 /* PBXContainerItemProxy */ = {
			isa = PBXContainerItemProxy;
			containerPortal = 0D0094272AB6650000459902 /* Project object */;
			proxyType = 1;
			remoteGlobalIDString = 0D00942E2AB6650000459902;
			remoteInfo = UberProject;
		};
/* End PBXContainerItemProxy section */

/* Begin PBXFileReference section */
		0D00942F2AB6650000459902 /* UberProject.app */ = {isa = PBXFileReference; explicitFileType = wrapper.application; includeInIndex = 0; path = UberProject.app; sourceTree = BUILT_PRODUCTS_DIR; };
		0D0094322AB6650000459902 /* AppDelegate.swift */ = {isa = PBXFileReference; lastKnownFileType = sourcecode.swift; path = AppDelegate.swift; sourceTree = "<group>"; };
		0D0094342AB6650000459902 /* SceneDelegate.swift */ = {isa = PBXFileReference; lastKnownFileType = sourcecode.swift; path = SceneDelegate.swift; sourceTree = "<group>"; };
		0D0094362AB6650000459902 /* WhereTo.swift */ = {isa = PBXFileReference; lastKnownFileType = sourcecode.swift; path = WhereTo.swift; sourceTree = "<group>"; };
		0D0094392AB6650000459902 /* Base */ = {isa = PBXFileReference; lastKnownFileType = file.storyboard; name = Base; path = Base.lproj/Main.storyboard; sourceTree = "<group>"; };
		0D00943C2AB6650000459902 /* UberProject.xcdatamodel */ = {isa = PBXFileReference; lastKnownFileType = wrapper.xcdatamodel; path = UberProject.xcdatamodel; sourceTree = "<group>"; };
		0D00943E2AB6650300459902 /* Assets.xcassets */ = {isa = PBXFileReference; lastKnownFileType = folder.assetcatalog; path = Assets.xcassets; sourceTree = "<group>"; };
		0D0094412AB6650300459902 /* Base */ = {isa = PBXFileReference; lastKnownFileType = file.storyboard; name = Base; path = Base.lproj/LaunchScreen.storyboard; sourceTree = "<group>"; };
		0D0094432AB6650300459902 /* Info.plist */ = {isa = PBXFileReference; lastKnownFileType = text.plist.xml; path = Info.plist; sourceTree = "<group>"; };
		0D0094482AB6650300459902 /* UberProjectTests.xctest */ = {isa = PBXFileReference; explicitFileType = wrapper.cfbundle; includeInIndex = 0; path = UberProjectTests.xctest; sourceTree = BUILT_PRODUCTS_DIR; };
		0D00944C2AB6650300459902 /* UberProjectTests.swift */ = {isa = PBXFileReference; lastKnownFileType = sourcecode.swift; path = UberProjectTests.swift; sourceTree = "<group>"; };
		0D0094522AB6650300459902 /* UberProjectUITests.xctest */ = {isa = PBXFileReference; explicitFileType = wrapper.cfbundle; includeInIndex = 0; path = UberProjectUITests.xctest; sourceTree = BUILT_PRODUCTS_DIR; };
		0D0094562AB6650300459902 /* UberProjectUITests.swift */ = {isa = PBXFileReference; lastKnownFileType = sourcecode.swift; path = UberProjectUITests.swift; sourceTree = "<group>"; };
		0D0094582AB6650300459902 /* UberProjectUITestsLaunchTests.swift */ = {isa = PBXFileReference; lastKnownFileType = sourcecode.swift; path = UberProjectUITestsLaunchTests.swift; sourceTree = "<group>"; };
		0DED3F852AB66C320003344F /* Itinerary.swift */ = {isa = PBXFileReference; lastKnownFileType = sourcecode.swift; path = Itinerary.swift; sourceTree = "<group>"; };
/* End PBXFileReference section */

/* Begin PBXFrameworksBuildPhase section */
		0D00942C2AB6650000459902 /* Frameworks */ = {
			isa = PBXFrameworksBuildPhase;
			buildActionMask = 2147483647;
			files = (
			);
			runOnlyForDeploymentPostprocessing = 0;
		};
		0D0094452AB6650300459902 /* Frameworks */ = {
			isa = PBXFrameworksBuildPhase;
			buildActionMask = 2147483647;
			files = (
			);
			runOnlyForDeploymentPostprocessing = 0;
		};
		0D00944F2AB6650300459902 /* Frameworks */ = {
			isa = PBXFrameworksBuildPhase;
			buildActionMask = 2147483647;
			files = (
			);
			runOnlyForDeploymentPostprocessing = 0;
		};
/* End PBXFrameworksBuildPhase section */

/* Begin PBXGroup section */
		0D0094262AB6650000459902 = {
			isa = PBXGroup;
			children = (
				0D0094312AB6650000459902 /* UberProject */,
				0D00944B2AB6650300459902 /* UberProjectTests */,
				0D0094552AB6650300459902 /* UberProjectUITests */,
				0D0094302AB6650000459902 /* Products */,
			);
			sourceTree = "<group>";
		};
		0D0094302AB6650000459902 /* Products */ = {
			isa = PBXGroup;
			children = (
				0D00942F2AB6650000459902 /* UberProject.app */,
				0D0094482AB6650300459902 /* UberProjectTests.xctest */,
				0D0094522AB6650300459902 /* UberProjectUITests.xctest */,
			);
			name = Products;
			sourceTree = "<group>";
		};
		0D0094312AB6650000459902 /* UberProject */ = {
			isa = PBXGroup;
			children = (
				0D0094322AB6650000459902 /* AppDelegate.swift */,
				0D0094342AB6650000459902 /* SceneDelegate.swift */,
				0DED3F822AB66BA90003344F /* Screens */,
				0D0094382AB6650000459902 /* Main.storyboard */,
				0D00943E2AB6650300459902 /* Assets.xcassets */,
				0D0094402AB6650300459902 /* LaunchScreen.storyboard */,
				0D0094432AB6650300459902 /* Info.plist */,
				0D00943B2AB6650000459902 /* UberProject.xcdatamodeld */,
			);
			path = UberProject;
			sourceTree = "<group>";
		};
		0D00944B2AB6650300459902 /* UberProjectTests */ = {
			isa = PBXGroup;
			children = (
				0D00944C2AB6650300459902 /* UberProjectTests.swift */,
			);
			path = UberProjectTests;
			sourceTree = "<group>";
		};
		0D0094552AB6650300459902 /* UberProjectUITests */ = {
			isa = PBXGroup;
			children = (
				0D0094562AB6650300459902 /* UberProjectUITests.swift */,
				0D0094582AB6650300459902 /* UberProjectUITestsLaunchTests.swift */,
			);
			path = UberProjectUITests;
			sourceTree = "<group>";
		};
		0DED3F822AB66BA90003344F /* Screens */ = {
			isa = PBXGroup;
			children = (
				0D0094362AB6650000459902 /* WhereTo.swift */,
				0DED3F852AB66C320003344F /* Itinerary.swift */,
			);
			path = Screens;
			sourceTree = "<group>";
		};
/* End PBXGroup section */

/* Begin PBXNativeTarget section */
		0D00942E2AB6650000459902 /* UberProject */ = {
			isa = PBXNativeTarget;
			buildConfigurationList = 0D00945C2AB6650300459902 /* Build configuration list for PBXNativeTarget "UberProject" */;
			buildPhases = (
				0D00942B2AB6650000459902 /* Sources */,
				0D00942C2AB6650000459902 /* Frameworks */,
				0D00942D2AB6650000459902 /* Resources */,
			);
			buildRules = (
			);
			dependencies = (
			);
			name = UberProject;
			productName = UberProject;
			productReference = 0D00942F2AB6650000459902 /* UberProject.app */;
			productType = "com.apple.product-type.application";
		};
		0D0094472AB6650300459902 /* UberProjectTests */ = {
			isa = PBXNativeTarget;
			buildConfigurationList = 0D00945F2AB6650300459902 /* Build configuration list for PBXNativeTarget "UberProjectTests" */;
			buildPhases = (
				0D0094442AB6650300459902 /* Sources */,
				0D0094452AB6650300459902 /* Frameworks */,
				0D0094462AB6650300459902 /* Resources */,
			);
			buildRules = (
			);
			dependencies = (
				0D00944A2AB6650300459902 /* PBXTargetDependency */,
			);
			name = UberProjectTests;
			productName = UberProjectTests;
			productReference = 0D0094482AB6650300459902 /* UberProjectTests.xctest */;
			productType = "com.apple.product-type.bundle.unit-test";
		};
		0D0094512AB6650300459902 /* UberProjectUITests */ = {
			isa = PBXNativeTarget;
			buildConfigurationList = 0D0094622AB6650300459902 /* Build configuration list for PBXNativeTarget "UberProjectUITests" */;
			buildPhases = (
				0D00944E2AB6650300459902 /* Sources */,
				0D00944F2AB6650300459902 /* Frameworks */,
				0D0094502AB6650300459902 /* Resources */,
			);
			buildRules = (
			);
			dependencies = (
				0D0094542AB6650300459902 /* PBXTargetDependency */,
			);
			name = UberProjectUITests;
			productName = UberProjectUITests;
			productReference = 0D0094522AB6650300459902 /* UberProjectUITests.xctest */;
			productType = "com.apple.product-type.bundle.ui-testing";
		};
/* End PBXNativeTarget section */

/* Begin PBXProject section */
		0D0094272AB6650000459902 /* Project object */ = {
			isa = PBXProject;
			attributes = {
				BuildIndependentTargetsInParallel = 1;
				LastSwiftUpdateCheck = 1420;
				LastUpgradeCheck = 1420;
				TargetAttributes = {
					0D00942E2AB6650000459902 = {
						CreatedOnToolsVersion = 14.2;
					};
					0D0094472AB6650300459902 = {
						CreatedOnToolsVersion = 14.2;
						TestTargetID = 0D00942E2AB6650000459902;
					};
					0D0094512AB6650300459902 = {
						CreatedOnToolsVersion = 14.2;
						TestTargetID = 0D00942E2AB6650000459902;
					};
				};
			};
			buildConfigurationList = 0D00942A2AB6650000459902 /* Build configuration list for PBXProject "UberProject" */;
			compatibilityVersion = "Xcode 14.0";
			developmentRegion = en;
			hasScannedForEncodings = 0;
			knownRegions = (
				en,
				Base,
			);
			mainGroup = 0D0094262AB6650000459902;
			productRefGroup = 0D0094302AB6650000459902 /* Products */;
			projectDirPath = "";
			projectRoot = "";
			targets = (
				0D00942E2AB6650000459902 /* UberProject */,
				0D0094472AB6650300459902 /* UberProjectTests */,
				0D0094512AB6650300459902 /* UberProjectUITests */,
			);
		};
/* End PBXProject section */

/* Begin PBXResourcesBuildPhase section */
		0D00942D2AB6650000459902 /* Resources */ = {
			isa = PBXResourcesBuildPhase;
			buildActionMask = 2147483647;
			files = (
				0D0094422AB6650300459902 /* LaunchScreen.storyboard in Resources */,
				0D00943F2AB6650300459902 /* Assets.xcassets in Resources */,
				0D00943A2AB6650000459902 /* Main.storyboard in Resources */,
			);
			runOnlyForDeploymentPostprocessing = 0;
		};
		0D0094462AB6650300459902 /* Resources */ = {
			isa = PBXResourcesBuildPhase;
			buildActionMask = 2147483647;
			files = (
			);
			runOnlyForDeploymentPostprocessing = 0;
		};
		0D0094502AB6650300459902 /* Resources */ = {
			isa = PBXResourcesBuildPhase;
			buildActionMask = 2147483647;
			files = (
			);
			runOnlyForDeploymentPostprocessing = 0;
		};
/* End PBXResourcesBuildPhase section */

/* Begin PBXSourcesBuildPhase section */
		0D00942B2AB6650000459902 /* Sources */ = {
			isa = PBXSourcesBuildPhase;
			buildActionMask = 2147483647;
			files = (
				0D0094372AB6650000459902 /* WhereTo.swift in Sources */,
				0D00943D2AB6650000459902 /* UberProject.xcdatamodeld in Sources */,
				0D0094332AB6650000459902 /* AppDelegate.swift in Sources */,
				0D0094352AB6650000459902 /* SceneDelegate.swift in Sources */,
				0DED3F862AB66C320003344F /* Itinerary.swift in Sources */,
			);
			runOnlyForDeploymentPostprocessing = 0;
		};
		0D0094442AB6650300459902 /* Sources */ = {
			isa = PBXSourcesBuildPhase;
			buildActionMask = 2147483647;
			files = (
				0D00944D2AB6650300459902 /* UberProjectTests.swift in Sources */,
			);
			runOnlyForDeploymentPostprocessing = 0;
		};
		0D00944E2AB6650300459902 /* Sources */ = {
			isa = PBXSourcesBuildPhase;
			buildActionMask = 2147483647;
			files = (
				0D0094592AB6650300459902 /* UberProjectUITestsLaunchTests.swift in Sources */,
				0D0094572AB6650300459902 /* UberProjectUITests.swift in Sources */,
			);
			runOnlyForDeploymentPostprocessing = 0;
		};
/* End PBXSourcesBuildPhase section */

/* Begin PBXTargetDependency section */
		0D00944A2AB6650300459902 /* PBXTargetDependency */ = {
			isa = PBXTargetDependency;
			target = 0D00942E2AB6650000459902 /* UberProject */;
			targetProxy = 0D0094492AB6650300459902 /* PBXContainerItemProxy */;
		};
		0D0094542AB6650300459902 /* PBXTargetDependency */ = {
			isa = PBXTargetDependency;
			target = 0D00942E2AB6650000459902 /* UberProject */;
			targetProxy = 0D0094532AB6650300459902 /* PBXContainerItemProxy */;
		};
/* End PBXTargetDependency section */

/* Begin PBXVariantGroup section */
		0D0094382AB6650000459902 /* Main.storyboard */ = {
			isa = PBXVariantGroup;
			children = (
				0D0094392AB6650000459902 /* Base */,
			);
			name = Main.storyboard;
			sourceTree = "<group>";
		};
		0D0094402AB6650300459902 /* LaunchScreen.storyboard */ = {
			isa = PBXVariantGroup;
			children = (
				0D0094412AB6650300459902 /* Base */,
			);
			name = LaunchScreen.storyboard;
			sourceTree = "<group>";
		};
/* End PBXVariantGroup section */

/* Begin XCBuildConfiguration section */
		0D00945A2AB6650300459902 /* Debug */ = {
			isa = XCBuildConfiguration;
			buildSettings = {
				ALWAYS_SEARCH_USER_PATHS = NO;
				CLANG_ANALYZER_NONNULL = YES;
				CLANG_ANALYZER_NUMBER_OBJECT_CONVERSION = YES_AGGRESSIVE;
				CLANG_CXX_LANGUAGE_STANDARD = "gnu++20";
				CLANG_ENABLE_MODULES = YES;
				CLANG_ENABLE_OBJC_ARC = YES;
				CLANG_ENABLE_OBJC_WEAK = YES;
				CLANG_WARN_BLOCK_CAPTURE_AUTORELEASING = YES;
				CLANG_WARN_BOOL_CONVERSION = YES;
				CLANG_WARN_COMMA = YES;
				CLANG_WARN_CONSTANT_CONVERSION = YES;
				CLANG_WARN_DEPRECATED_OBJC_IMPLEMENTATIONS = YES;
				CLANG_WARN_DIRECT_OBJC_ISA_USAGE = YES_ERROR;
				CLANG_WARN_DOCUMENTATION_COMMENTS = YES;
				CLANG_WARN_EMPTY_BODY = YES;
				CLANG_WARN_ENUM_CONVERSION = YES;
				CLANG_WARN_INFINITE_RECURSION = YES;
				CLANG_WARN_INT_CONVERSION = YES;
				CLANG_WARN_NON_LITERAL_NULL_CONVERSION = YES;
				CLANG_WARN_OBJC_IMPLICIT_RETAIN_SELF = YES;
				CLANG_WARN_OBJC_LITERAL_CONVERSION = YES;
				CLANG_WARN_OBJC_ROOT_CLASS = YES_ERROR;
				CLANG_WARN_QUOTED_INCLUDE_IN_FRAMEWORK_HEADER = YES;
				CLANG_WARN_RANGE_LOOP_ANALYSIS = YES;
				CLANG_WARN_STRICT_PROTOTYPES = YES;
				CLANG_WARN_SUSPICIOUS_MOVE = YES;
				CLANG_WARN_UNGUARDED_AVAILABILITY = YES_AGGRESSIVE;
				CLANG_WARN_UNREACHABLE_CODE = YES;
				CLANG_WARN__DUPLICATE_METHOD_MATCH = YES;
				COPY_PHASE_STRIP = NO;
				DEBUG_INFORMATION_FORMAT = dwarf;
				ENABLE_STRICT_OBJC_MSGSEND = YES;
				ENABLE_TESTABILITY = YES;
				GCC_C_LANGUAGE_STANDARD = gnu11;
				GCC_DYNAMIC_NO_PIC = NO;
				GCC_NO_COMMON_BLOCKS = YES;
				GCC_OPTIMIZATION_LEVEL = 0;
				GCC_PREPROCESSOR_DEFINITIONS = (
					"DEBUG=1",
					"$(inherited)",
				);
				GCC_WARN_64_TO_32_BIT_CONVERSION = YES;
				GCC_WARN_ABOUT_RETURN_TYPE = YES_ERROR;
				GCC_WARN_UNDECLARED_SELECTOR = YES;
				GCC_WARN_UNINITIALIZED_AUTOS = YES_AGGRESSIVE;
				GCC_WARN_UNUSED_FUNCTION = YES;
				GCC_WARN_UNUSED_VARIABLE = YES;
				IPHONEOS_DEPLOYMENT_TARGET = 16.2;
				MTL_ENABLE_DEBUG_INFO = INCLUDE_SOURCE;
				MTL_FAST_MATH = YES;
				ONLY_ACTIVE_ARCH = YES;
				SDKROOT = iphoneos;
				SWIFT_ACTIVE_COMPILATION_CONDITIONS = DEBUG;
				SWIFT_OPTIMIZATION_LEVEL = "-Onone";
			};
			name = Debug;
		};
		0D00945B2AB6650300459902 /* Release */ = {
			isa = XCBuildConfiguration;
			buildSettings = {
				ALWAYS_SEARCH_USER_PATHS = NO;
				CLANG_ANALYZER_NONNULL = YES;
				CLANG_ANALYZER_NUMBER_OBJECT_CONVERSION = YES_AGGRESSIVE;
				CLANG_CXX_LANGUAGE_STANDARD = "gnu++20";
				CLANG_ENABLE_MODULES = YES;
				CLANG_ENABLE_OBJC_ARC = YES;
				CLANG_ENABLE_OBJC_WEAK = YES;
				CLANG_WARN_BLOCK_CAPTURE_AUTORELEASING = YES;
				CLANG_WARN_BOOL_CONVERSION = YES;
				CLANG_WARN_COMMA = YES;
				CLANG_WARN_CONSTANT_CONVERSION = YES;
				CLANG_WARN_DEPRECATED_OBJC_IMPLEMENTATIONS = YES;
				CLANG_WARN_DIRECT_OBJC_ISA_USAGE = YES_ERROR;
				CLANG_WARN_DOCUMENTATION_COMMENTS = YES;
				CLANG_WARN_EMPTY_BODY = YES;
				CLANG_WARN_ENUM_CONVERSION = YES;
				CLANG_WARN_INFINITE_RECURSION = YES;
				CLANG_WARN_INT_CONVERSION = YES;
				CLANG_WARN_NON_LITERAL_NULL_CONVERSION = YES;
				CLANG_WARN_OBJC_IMPLICIT_RETAIN_SELF = YES;
				CLANG_WARN_OBJC_LITERAL_CONVERSION = YES;
				CLANG_WARN_OBJC_ROOT_CLASS = YES_ERROR;
				CLANG_WARN_QUOTED_INCLUDE_IN_FRAMEWORK_HEADER = YES;
				CLANG_WARN_RANGE_LOOP_ANALYSIS = YES;
				CLANG_WARN_STRICT_PROTOTYPES = YES;
				CLANG_WARN_SUSPICIOUS_MOVE = YES;
				CLANG_WARN_UNGUARDED_AVAILABILITY = YES_AGGRESSIVE;
				CLANG_WARN_UNREACHABLE_CODE = YES;
				CLANG_WARN__DUPLICATE_METHOD_MATCH = YES;
				COPY_PHASE_STRIP = NO;
				DEBUG_INFORMATION_FORMAT = "dwarf-with-dsym";
				ENABLE_NS_ASSERTIONS = NO;
				ENABLE_STRICT_OBJC_MSGSEND = YES;
				GCC_C_LANGUAGE_STANDARD = gnu11;
				GCC_NO_COMMON_BLOCKS = YES;
				GCC_WARN_64_TO_32_BIT_CONVERSION = YES;
				GCC_WARN_ABOUT_RETURN_TYPE = YES_ERROR;
				GCC_WARN_UNDECLARED_SELECTOR = YES;
				GCC_WARN_UNINITIALIZED_AUTOS = YES_AGGRESSIVE;
				GCC_WARN_UNUSED_FUNCTION = YES;
				GCC_WARN_UNUSED_VARIABLE = YES;
				IPHONEOS_DEPLOYMENT_TARGET = 16.2;
				MTL_ENABLE_DEBUG_INFO = NO;
				MTL_FAST_MATH = YES;
				SDKROOT = iphoneos;
				SWIFT_COMPILATION_MODE = wholemodule;
				SWIFT_OPTIMIZATION_LEVEL = "-O";
				VALIDATE_PRODUCT = YES;
			};
			name = Release;
		};
		0D00945D2AB6650300459902 /* Debug */ = {
			isa = XCBuildConfiguration;
			buildSettings = {
				ASSETCATALOG_COMPILER_APPICON_NAME = AppIcon;
				ASSETCATALOG_COMPILER_GLOBAL_ACCENT_COLOR_NAME = AccentColor;
				CODE_SIGN_STYLE = Automatic;
				CURRENT_PROJECT_VERSION = 1;
				DEVELOPMENT_TEAM = A95V8P4FK4;
				GENERATE_INFOPLIST_FILE = YES;
				INFOPLIST_FILE = UberProject/Info.plist;
				INFOPLIST_KEY_UIApplicationSupportsIndirectInputEvents = YES;
				INFOPLIST_KEY_UILaunchStoryboardName = LaunchScreen;
				INFOPLIST_KEY_UIMainStoryboardFile = Main;
				INFOPLIST_KEY_UISupportedInterfaceOrientations_iPad = "UIInterfaceOrientationPortrait UIInterfaceOrientationPortraitUpsideDown UIInterfaceOrientationLandscapeLeft UIInterfaceOrientationLandscapeRight";
				INFOPLIST_KEY_UISupportedInterfaceOrientations_iPhone = "UIInterfaceOrientationPortrait UIInterfaceOrientationLandscapeLeft UIInterfaceOrientationLandscapeRight";
				LD_RUNPATH_SEARCH_PATHS = (
					"$(inherited)",
					"@executable_path/Frameworks",
				);
				MARKETING_VERSION = 1.0;
				PRODUCT_BUNDLE_IDENTIFIER = lordboba.UberProject;
				PRODUCT_NAME = "$(TARGET_NAME)";
				SWIFT_EMIT_LOC_STRINGS = YES;
				SWIFT_VERSION = 5.0;
				TARGETED_DEVICE_FAMILY = "1,2";
			};
			name = Debug;
		};
		0D00945E2AB6650300459902 /* Release */ = {
			isa = XCBuildConfiguration;
			buildSettings = {
				ASSETCATALOG_COMPILER_APPICON_NAME = AppIcon;
				ASSETCATALOG_COMPILER_GLOBAL_ACCENT_COLOR_NAME = AccentColor;
				CODE_SIGN_STYLE = Automatic;
				CURRENT_PROJECT_VERSION = 1;
				DEVELOPMENT_TEAM = A95V8P4FK4;
				GENERATE_INFOPLIST_FILE = YES;
				INFOPLIST_FILE = UberProject/Info.plist;
				INFOPLIST_KEY_UIApplicationSupportsIndirectInputEvents = YES;
				INFOPLIST_KEY_UILaunchStoryboardName = LaunchScreen;
				INFOPLIST_KEY_UIMainStoryboardFile = Main;
				INFOPLIST_KEY_UISupportedInterfaceOrientations_iPad = "UIInterfaceOrientationPortrait UIInterfaceOrientationPortraitUpsideDown UIInterfaceOrientationLandscapeLeft UIInterfaceOrientationLandscapeRight";
				INFOPLIST_KEY_UISupportedInterfaceOrientations_iPhone = "UIInterfaceOrientationPortrait UIInterfaceOrientationLandscapeLeft UIInterfaceOrientationLandscapeRight";
				LD_RUNPATH_SEARCH_PATHS = (
					"$(inherited)",
					"@executable_path/Frameworks",
				);
				MARKETING_VERSION = 1.0;
				PRODUCT_BUNDLE_IDENTIFIER = lordboba.UberProject;
				PRODUCT_NAME = "$(TARGET_NAME)";
				SWIFT_EMIT_LOC_STRINGS = YES;
				SWIFT_VERSION = 5.0;
				TARGETED_DEVICE_FAMILY = "1,2";
			};
			name = Release;
		};
		0D0094602AB6650300459902 /* Debug */ = {
			isa = XCBuildConfiguration;
			buildSettings = {
				ALWAYS_EMBED_SWIFT_STANDARD_LIBRARIES = YES;
				BUNDLE_LOADER = "$(TEST_HOST)";
				CODE_SIGN_STYLE = Automatic;
				CURRENT_PROJECT_VERSION = 1;
				DEVELOPMENT_TEAM = A95V8P4FK4;
				GENERATE_INFOPLIST_FILE = YES;
				IPHONEOS_DEPLOYMENT_TARGET = 16.2;
				MARKETING_VERSION = 1.0;
				PRODUCT_BUNDLE_IDENTIFIER = lordboba.UberProjectTests;
				PRODUCT_NAME = "$(TARGET_NAME)";
				SWIFT_EMIT_LOC_STRINGS = NO;
				SWIFT_VERSION = 5.0;
				TARGETED_DEVICE_FAMILY = "1,2";
				TEST_HOST = "$(BUILT_PRODUCTS_DIR)/UberProject.app/$(BUNDLE_EXECUTABLE_FOLDER_PATH)/UberProject";
			};
			name = Debug;
		};
		0D0094612AB6650300459902 /* Release */ = {
			isa = XCBuildConfiguration;
			buildSettings = {
				ALWAYS_EMBED_SWIFT_STANDARD_LIBRARIES = YES;
				BUNDLE_LOADER = "$(TEST_HOST)";
				CODE_SIGN_STYLE = Automatic;
				CURRENT_PROJECT_VERSION = 1;
				DEVELOPMENT_TEAM = A95V8P4FK4;
				GENERATE_INFOPLIST_FILE = YES;
				IPHONEOS_DEPLOYMENT_TARGET = 16.2;
				MARKETING_VERSION = 1.0;
				PRODUCT_BUNDLE_IDENTIFIER = lordboba.UberProjectTests;
				PRODUCT_NAME = "$(TARGET_NAME)";
				SWIFT_EMIT_LOC_STRINGS = NO;
				SWIFT_VERSION = 5.0;
				TARGETED_DEVICE_FAMILY = "1,2";
				TEST_HOST = "$(BUILT_PRODUCTS_DIR)/UberProject.app/$(BUNDLE_EXECUTABLE_FOLDER_PATH)/UberProject";
			};
			name = Release;
		};
		0D0094632AB6650300459902 /* Debug */ = {
			isa = XCBuildConfiguration;
			buildSettings = {
				ALWAYS_EMBED_SWIFT_STANDARD_LIBRARIES = YES;
				CODE_SIGN_STYLE = Automatic;
				CURRENT_PROJECT_VERSION = 1;
				DEVELOPMENT_TEAM = A95V8P4FK4;
				GENERATE_INFOPLIST_FILE = YES;
				MARKETING_VERSION = 1.0;
				PRODUCT_BUNDLE_IDENTIFIER = lordboba.UberProjectUITests;
				PRODUCT_NAME = "$(TARGET_NAME)";
				SWIFT_EMIT_LOC_STRINGS = NO;
				SWIFT_VERSION = 5.0;
				TARGETED_DEVICE_FAMILY = "1,2";
				TEST_TARGET_NAME = UberProject;
			};
			name = Debug;
		};
		0D0094642AB6650300459902 /* Release */ = {
			isa = XCBuildConfiguration;
			buildSettings = {
				ALWAYS_EMBED_SWIFT_STANDARD_LIBRARIES = YES;
				CODE_SIGN_STYLE = Automatic;
				CURRENT_PROJECT_VERSION = 1;
				DEVELOPMENT_TEAM = A95V8P4FK4;
				GENERATE_INFOPLIST_FILE = YES;
				MARKETING_VERSION = 1.0;
				PRODUCT_BUNDLE_IDENTIFIER = lordboba.UberProjectUITests;
				PRODUCT_NAME = "$(TARGET_NAME)";
				SWIFT_EMIT_LOC_STRINGS = NO;
				SWIFT_VERSION = 5.0;
				TARGETED_DEVICE_FAMILY = "1,2";
				TEST_TARGET_NAME = UberProject;
			};
			name = Release;
		};
/* End XCBuildConfiguration section */

/* Begin XCConfigurationList section */
		0D00942A2AB6650000459902 /* Build configuration list for PBXProject "UberProject" */ = {
			isa = XCConfigurationList;
			buildConfigurations = (
				0D00945A2AB6650300459902 /* Debug */,
				0D00945B2AB6650300459902 /* Release */,
			);
			defaultConfigurationIsVisible = 0;
			defaultConfigurationName = Release;
		};
		0D00945C2AB6650300459902 /* Build configuration list for PBXNativeTarget "UberProject" */ = {
			isa = XCConfigurationList;
			buildConfigurations = (
				0D00945D2AB6650300459902 /* Debug */,
				0D00945E2AB6650300459902 /* Release */,
			);
			defaultConfigurationIsVisible = 0;
			defaultConfigurationName = Release;
		};
		0D00945F2AB6650300459902 /* Build configuration list for PBXNativeTarget "UberProjectTests" */ = {
			isa = XCConfigurationList;
			buildConfigurations = (
				0D0094602AB6650300459902 /* Debug */,
				0D0094612AB6650300459902 /* Release */,
			);
			defaultConfigurationIsVisible = 0;
			defaultConfigurationName = Release;
		};
		0D0094622AB6650300459902 /* Build configuration list for PBXNativeTarget "UberProjectUITests" */ = {
			isa = XCConfigurationList;
			buildConfigurations = (
				0D0094632AB6650300459902 /* Debug */,
				0D0094642AB6650300459902 /* Release */,
			);
			defaultConfigurationIsVisible = 0;
			defaultConfigurationName = Release;
		};
/* End XCConfigurationList section */

/* Begin XCVersionGroup section */
		0D00943B2AB6650000459902 /* UberProject.xcdatamodeld */ = {
			isa = XCVersionGroup;
			children = (
				0D00943C2AB6650000459902 /* UberProject.xcdatamodel */,
			);
			currentVersion = 0D00943C2AB6650000459902 /* UberProject.xcdatamodel */;
			path = UberProject.xcdatamodeld;
			sourceTree = "<group>";
			versionGroupType = wrapper.xcdatamodel;
		};
/* End XCVersionGroup section */
	};
	rootObject = 0D0094272AB6650000459902 /* Project object */;
}
